requests (requests==0.10.8)
  certifi (certifi==0.0.8)
  chardet (chardet==1.0.1)
flask (Flask==0.8)
  werkzeug (Werkzeug==0.8.3)
  jinja2 (Jinja2==2.6)
suds (suds==0.4)
clint (-e git+git://github.com/kennethreitz/clint.git@fc873deb3bc34bab7ea35000008bd127cbb6debf#egg=clint-dev)
ipython (ipython==0.12)
